
Microsoft Visual Studio Solution File, Format Version 12.00
# Visual Studio Version 16
VisualStudioVersion = 16.0.31829.152
MinimumVisualStudioVersion = 10.0.40219.1
Project("{9A19103F-16F7-4668-BE54-9A1E7A4F7556}") = "SocialNetwork", "Social network\SocialNetwork.csproj", "{817E71AB-C5C9-4A24-8080-D9ABD8391D61}"
EndProject
Project("{9A19103F-16F7-4668-BE54-9A1E7A4F7556}") = "Data_SocialNetwork.EF", "Data_SocialNetwork.EF\Data_SocialNetwork.EF.csproj", "{2F64BB61-8481-4B25-95DC-5E02AF8EDEF1}"
EndProject
Project("{9A19103F-16F7-4668-BE54-9A1E7A4F7556}") = "Models", "Models\Models.csproj", "{A90844A3-C210-4B85-A210-8FA005F4DAE9}"
EndProject
Project("{9A19103F-16F7-4668-BE54-9A1E7A4F7556}") = "Services", "Services\Services.csproj", "{5A87604C-BDD3-4361-B88C-DD531690A9C3}"
EndProject
Project("{00D1A9C2-B5F0-4AF3-8072-F6C62B433612}") = "Database1", "..\..\..\..\Desktop\Database1\Database1.sqlproj", "{296102DC-8F5A-4BCE-AB75-08CF9783B69B}"
EndProject
Global
	GlobalSection(SolutionConfigurationPlatforms) = preSolution
		Debug|Any CPU = Debug|Any CPU
		Release|Any CPU = Release|Any CPU
	EndGlobalSection
	GlobalSection(ProjectConfigurationPlatforms) = postSolution
		{817E71AB-C5C9-4A24-8080-D9ABD8391D61}.Debug|Any CPU.ActiveCfg = Debug|Any CPU
		{817E71AB-C5C9-4A24-8080-D9ABD8391D61}.Debug|Any CPU.Build.0 = Debug|Any CPU
		{817E71AB-C5C9-4A24-8080-D9ABD8391D61}.Release|Any CPU.ActiveCfg = Release|Any CPU
		{817E71AB-C5C9-4A24-8080-D9ABD8391D61}.Release|Any CPU.Build.0 = Release|Any CPU
		{2F64BB61-8481-4B25-95DC-5E02AF8EDEF1}.Debug|Any CPU.ActiveCfg = Debug|Any CPU
		{2F64BB61-8481-4B25-95DC-5E02AF8EDEF1}.Debug|Any CPU.Build.0 = Debug|Any CPU
		{2F64BB61-8481-4B25-95DC-5E02AF8EDEF1}.Release|Any CPU.ActiveCfg = Release|Any CPU
		{2F64BB61-8481-4B25-95DC-5E02AF8EDEF1}.Release|Any CPU.Build.0 = Release|Any CPU
		{A90844A3-C210-4B85-A210-8FA005F4DAE9}.Debug|Any CPU.ActiveCfg = Debug|Any CPU
		{A90844A3-C210-4B85-A210-8FA005F4DAE9}.Debug|Any CPU.Build.0 = Debug|Any CPU
		{A90844A3-C210-4B85-A210-8FA005F4DAE9}.Release|Any CPU.ActiveCfg = Release|Any CPU
		{A90844A3-C210-4B85-A210-8FA005F4DAE9}.Release|Any CPU.Build.0 = Release|Any CPU
		{5A87604C-BDD3-4361-B88C-DD531690A9C3}.Debug|Any CPU.ActiveCfg = Debug|Any CPU
		{5A87604C-BDD3-4361-B88C-DD531690A9C3}.Debug|Any CPU.Build.0 = Debug|Any CPU
		{5A87604C-BDD3-4361-B88C-DD531690A9C3}.Release|Any CPU.ActiveCfg = Release|Any CPU
		{5A87604C-BDD3-4361-B88C-DD531690A9C3}.Release|Any CPU.Build.0 = Release|Any CPU
		{296102DC-8F5A-4BCE-AB75-08CF9783B69B}.Debug|Any CPU.ActiveCfg = Debug|Any CPU
		{296102DC-8F5A-4BCE-AB75-08CF9783B69B}.Debug|Any CPU.Build.0 = Debug|Any CPU
		{296102DC-8F5A-4BCE-AB75-08CF9783B69B}.Debug|Any CPU.Deploy.0 = Debug|Any CPU
		{296102DC-8F5A-4BCE-AB75-08CF9783B69B}.Release|Any CPU.ActiveCfg = Release|Any CPU
		{296102DC-8F5A-4BCE-AB75-08CF9783B69B}.Release|Any CPU.Build.0 = Release|Any CPU
		{296102DC-8F5A-4BCE-AB75-08CF9783B69B}.Release|Any CPU.Deploy.0 = Release|Any CPU
	EndGlobalSection
	GlobalSection(SolutionProperties) = preSolution
		HideSolutionNode = FALSE
	EndGlobalSection
	GlobalSection(ExtensibilityGlobals) = postSolution
		SolutionGuid = {B7E5F088-2270-4301-8E5B-7ED454CE3F06}
	EndGlobalSection
EndGlobal
